// !$*UTF8*$!
{
	archiveVersion = 1;
	classes = {
	};
	objectVersion = 55;
	objects = {

/* Begin PBXBuildFile section */
		3FA6775C288692C3000ED816 /* LikeListViewController.swift in Sources */ = {isa = PBXBuildFile; fileRef = 3FA6775B288692C3000ED816 /* LikeListViewController.swift */; };
		3FA6775E28869341000ED816 /* LikeCollectionViewCell.swift in Sources */ = {isa = PBXBuildFile; fileRef = 3FA6775D28869341000ED816 /* LikeCollectionViewCell.swift */; };
		7B2240462887D0090085731B /* FilterViewController.swift in Sources */ = {isa = PBXBuildFile; fileRef = 7B2240452887D0090085731B /* FilterViewController.swift */; };
		7B22404A2887D0390085731B /* FilterCategoryButton.swift in Sources */ = {isa = PBXBuildFile; fileRef = 7B2240492887D0390085731B /* FilterCategoryButton.swift */; };
		7B22404C2887D0760085731B /* CustomDelegates.swift in Sources */ = {isa = PBXBuildFile; fileRef = 7B22404B2887D0760085731B /* CustomDelegates.swift */; };
		7BF76DD02883D50500A3A370 /* NetworkManager.swift in Sources */ = {isa = PBXBuildFile; fileRef = 7BF76DCE2883D50500A3A370 /* NetworkManager.swift */; };
		7BF76DD12883D50500A3A370 /* Animal.swift in Sources */ = {isa = PBXBuildFile; fileRef = 7BF76DCF2883D50500A3A370 /* Animal.swift */; };
		7BF76DD42883D51400A3A370 /* Constants.swift in Sources */ = {isa = PBXBuildFile; fileRef = 7BF76DD32883D51400A3A370 /* Constants.swift */; };
		AB08AF402887D6D7008A844D /* AnimalListTableViewHeader.swift in Sources */ = {isa = PBXBuildFile; fileRef = AB08AF3F2887D6D7008A844D /* AnimalListTableViewHeader.swift */; };
		AB17C7C2288562690045795E /* AnimalListViewController.swift in Sources */ = {isa = PBXBuildFile; fileRef = AB17C7C1288562690045795E /* AnimalListViewController.swift */; };
		AB17C7C828857F880045795E /* UIImageView.swift in Sources */ = {isa = PBXBuildFile; fileRef = AB17C7C728857F880045795E /* UIImageView.swift */; };
		AB5CD3D5289121FF00D6B1AB /* AnimalModel.xcdatamodeld in Sources */ = {isa = PBXBuildFile; fileRef = AB5CD3D3289121FF00D6B1AB /* AnimalModel.xcdatamodeld */; };
		ABD855B6288696570045CEE6 /* AnimalInfoCell.swift in Sources */ = {isa = PBXBuildFile; fileRef = ABD855B5288696570045CEE6 /* AnimalInfoCell.swift */; };
		ABFBDDCE288A8E1200100D87 /* LeftDaysView.swift in Sources */ = {isa = PBXBuildFile; fileRef = ABFBDDCD288A8E1200100D87 /* LeftDaysView.swift */; };
		B7EF282A287D5E47002781F7 /* AppDelegate.swift in Sources */ = {isa = PBXBuildFile; fileRef = B7EF2829287D5E47002781F7 /* AppDelegate.swift */; };
		B7EF282C287D5E47002781F7 /* SceneDelegate.swift in Sources */ = {isa = PBXBuildFile; fileRef = B7EF282B287D5E47002781F7 /* SceneDelegate.swift */; };
		B7EF282E287D5E47002781F7 /* ViewController.swift in Sources */ = {isa = PBXBuildFile; fileRef = B7EF282D287D5E47002781F7 /* ViewController.swift */; };
		B7EF2833287D5E49002781F7 /* Assets.xcassets in Resources */ = {isa = PBXBuildFile; fileRef = B7EF2832287D5E49002781F7 /* Assets.xcassets */; };
		B7EF2836287D5E49002781F7 /* LaunchScreen.storyboard in Resources */ = {isa = PBXBuildFile; fileRef = B7EF2834287D5E49002781F7 /* LaunchScreen.storyboard */; };
		B7F7EFE3288435F900D19B44 /* UIColor.swift in Sources */ = {isa = PBXBuildFile; fileRef = B7F7EFE2288435F900D19B44 /* UIColor.swift */; };
		B7F7EFEC2885491D00D19B44 /* BaseLabel.swift in Sources */ = {isa = PBXBuildFile; fileRef = B7F7EFEB2885491D00D19B44 /* BaseLabel.swift */; };
		B7F7EFEF2885537F00D19B44 /* AnimalDetailView.swift in Sources */ = {isa = PBXBuildFile; fileRef = B7F7EFEE2885537F00D19B44 /* AnimalDetailView.swift */; };
		B7F7EFF12885538E00D19B44 /* AnimalDetailViewController.swift in Sources */ = {isa = PBXBuildFile; fileRef = B7F7EFF02885538E00D19B44 /* AnimalDetailViewController.swift */; };
		B7F7F01128864C3900D19B44 /* AnimalDetailTabbar.swift in Sources */ = {isa = PBXBuildFile; fileRef = B7F7F01028864C3900D19B44 /* AnimalDetailTabbar.swift */; };
		B7F7F01328864C7500D19B44 /* AnimalDetailTabbarDelegate.swift in Sources */ = {isa = PBXBuildFile; fileRef = B7F7F01228864C7500D19B44 /* AnimalDetailTabbarDelegate.swift */; };
		B7F7F0162887E3D100D19B44 /* AnimalInfoView.swift in Sources */ = {isa = PBXBuildFile; fileRef = B7F7F0152887E3D100D19B44 /* AnimalInfoView.swift */; };
		B7F7F0192887E40C00D19B44 /* NoticeInfoView.swift in Sources */ = {isa = PBXBuildFile; fileRef = B7F7F0182887E40C00D19B44 /* NoticeInfoView.swift */; };
		B7F7F01B2887E42200D19B44 /* DescriptionInfoView.swift in Sources */ = {isa = PBXBuildFile; fileRef = B7F7F01A2887E42200D19B44 /* DescriptionInfoView.swift */; };
		B7F7F01D2887E42B00D19B44 /* ShelterInfoView.swift in Sources */ = {isa = PBXBuildFile; fileRef = B7F7F01C2887E42B00D19B44 /* ShelterInfoView.swift */; };
		B7F7F02128881F0500D19B44 /* DetailImageView.swift in Sources */ = {isa = PBXBuildFile; fileRef = B7F7F02028881F0500D19B44 /* DetailImageView.swift */; };
		B7F7F02328881F0F00D19B44 /* DetailImageViewController.swift in Sources */ = {isa = PBXBuildFile; fileRef = B7F7F02228881F0F00D19B44 /* DetailImageViewController.swift */; };
/* End PBXBuildFile section */

/* Begin PBXFileReference section */
		3FA6775B288692C3000ED816 /* LikeListViewController.swift */ = {isa = PBXFileReference; lastKnownFileType = sourcecode.swift; path = LikeListViewController.swift; sourceTree = "<group>"; };
		3FA6775D28869341000ED816 /* LikeCollectionViewCell.swift */ = {isa = PBXFileReference; lastKnownFileType = sourcecode.swift; path = LikeCollectionViewCell.swift; sourceTree = "<group>"; };
		7B2240452887D0090085731B /* FilterViewController.swift */ = {isa = PBXFileReference; fileEncoding = 4; lastKnownFileType = sourcecode.swift; path = FilterViewController.swift; sourceTree = "<group>"; };
		7B2240492887D0390085731B /* FilterCategoryButton.swift */ = {isa = PBXFileReference; fileEncoding = 4; lastKnownFileType = sourcecode.swift; path = FilterCategoryButton.swift; sourceTree = "<group>"; };
		7B22404B2887D0760085731B /* CustomDelegates.swift */ = {isa = PBXFileReference; fileEncoding = 4; lastKnownFileType = sourcecode.swift; path = CustomDelegates.swift; sourceTree = "<group>"; };
		7BF76DCE2883D50500A3A370 /* NetworkManager.swift */ = {isa = PBXFileReference; fileEncoding = 4; lastKnownFileType = sourcecode.swift; path = NetworkManager.swift; sourceTree = "<group>"; };
		7BF76DCF2883D50500A3A370 /* Animal.swift */ = {isa = PBXFileReference; fileEncoding = 4; lastKnownFileType = sourcecode.swift; path = Animal.swift; sourceTree = "<group>"; };
		7BF76DD32883D51400A3A370 /* Constants.swift */ = {isa = PBXFileReference; fileEncoding = 4; lastKnownFileType = sourcecode.swift; path = Constants.swift; sourceTree = "<group>"; };
		AB08AF3F2887D6D7008A844D /* AnimalListTableViewHeader.swift */ = {isa = PBXFileReference; lastKnownFileType = sourcecode.swift; path = AnimalListTableViewHeader.swift; sourceTree = "<group>"; };
		AB17C7C1288562690045795E /* AnimalListViewController.swift */ = {isa = PBXFileReference; lastKnownFileType = sourcecode.swift; path = AnimalListViewController.swift; sourceTree = "<group>"; };
		AB17C7C728857F880045795E /* UIImageView.swift */ = {isa = PBXFileReference; lastKnownFileType = sourcecode.swift; path = UIImageView.swift; sourceTree = "<group>"; };
		AB5CD3D4289121FF00D6B1AB /* AnimalModel.xcdatamodel */ = {isa = PBXFileReference; lastKnownFileType = wrapper.xcdatamodel; path = AnimalModel.xcdatamodel; sourceTree = "<group>"; };
		ABD855B5288696570045CEE6 /* AnimalInfoCell.swift */ = {isa = PBXFileReference; lastKnownFileType = sourcecode.swift; path = AnimalInfoCell.swift; sourceTree = "<group>"; };
		ABFBDDCD288A8E1200100D87 /* LeftDaysView.swift */ = {isa = PBXFileReference; lastKnownFileType = sourcecode.swift; path = LeftDaysView.swift; sourceTree = "<group>"; };
		B7EF2826287D5E47002781F7 /* Reborn.app */ = {isa = PBXFileReference; explicitFileType = wrapper.application; includeInIndex = 0; path = Reborn.app; sourceTree = BUILT_PRODUCTS_DIR; };
		B7EF2829287D5E47002781F7 /* AppDelegate.swift */ = {isa = PBXFileReference; lastKnownFileType = sourcecode.swift; path = AppDelegate.swift; sourceTree = "<group>"; };
		B7EF282B287D5E47002781F7 /* SceneDelegate.swift */ = {isa = PBXFileReference; lastKnownFileType = sourcecode.swift; path = SceneDelegate.swift; sourceTree = "<group>"; };
		B7EF282D287D5E47002781F7 /* ViewController.swift */ = {isa = PBXFileReference; lastKnownFileType = sourcecode.swift; path = ViewController.swift; sourceTree = "<group>"; };
		B7EF2832287D5E49002781F7 /* Assets.xcassets */ = {isa = PBXFileReference; lastKnownFileType = folder.assetcatalog; path = Assets.xcassets; sourceTree = "<group>"; };
		B7EF2835287D5E49002781F7 /* Base */ = {isa = PBXFileReference; lastKnownFileType = file.storyboard; name = Base; path = Base.lproj/LaunchScreen.storyboard; sourceTree = "<group>"; };
		B7EF2837287D5E49002781F7 /* Info.plist */ = {isa = PBXFileReference; lastKnownFileType = text.plist.xml; path = Info.plist; sourceTree = "<group>"; };
		B7F7EFE2288435F900D19B44 /* UIColor.swift */ = {isa = PBXFileReference; lastKnownFileType = sourcecode.swift; path = UIColor.swift; sourceTree = "<group>"; };
		B7F7EFEB2885491D00D19B44 /* BaseLabel.swift */ = {isa = PBXFileReference; lastKnownFileType = sourcecode.swift; path = BaseLabel.swift; sourceTree = "<group>"; };
		B7F7EFEE2885537F00D19B44 /* AnimalDetailView.swift */ = {isa = PBXFileReference; lastKnownFileType = sourcecode.swift; path = AnimalDetailView.swift; sourceTree = "<group>"; };
		B7F7EFF02885538E00D19B44 /* AnimalDetailViewController.swift */ = {isa = PBXFileReference; lastKnownFileType = sourcecode.swift; path = AnimalDetailViewController.swift; sourceTree = "<group>"; };
		B7F7F01028864C3900D19B44 /* AnimalDetailTabbar.swift */ = {isa = PBXFileReference; lastKnownFileType = sourcecode.swift; path = AnimalDetailTabbar.swift; sourceTree = "<group>"; };
		B7F7F01228864C7500D19B44 /* AnimalDetailTabbarDelegate.swift */ = {isa = PBXFileReference; lastKnownFileType = sourcecode.swift; path = AnimalDetailTabbarDelegate.swift; sourceTree = "<group>"; };
		B7F7F0152887E3D100D19B44 /* AnimalInfoView.swift */ = {isa = PBXFileReference; lastKnownFileType = sourcecode.swift; path = AnimalInfoView.swift; sourceTree = "<group>"; };
		B7F7F0182887E40C00D19B44 /* NoticeInfoView.swift */ = {isa = PBXFileReference; lastKnownFileType = sourcecode.swift; path = NoticeInfoView.swift; sourceTree = "<group>"; };
		B7F7F01A2887E42200D19B44 /* DescriptionInfoView.swift */ = {isa = PBXFileReference; lastKnownFileType = sourcecode.swift; path = DescriptionInfoView.swift; sourceTree = "<group>"; };
		B7F7F01C2887E42B00D19B44 /* ShelterInfoView.swift */ = {isa = PBXFileReference; lastKnownFileType = sourcecode.swift; path = ShelterInfoView.swift; sourceTree = "<group>"; };
		B7F7F02028881F0500D19B44 /* DetailImageView.swift */ = {isa = PBXFileReference; lastKnownFileType = sourcecode.swift; path = DetailImageView.swift; sourceTree = "<group>"; };
		B7F7F02228881F0F00D19B44 /* DetailImageViewController.swift */ = {isa = PBXFileReference; lastKnownFileType = sourcecode.swift; path = DetailImageViewController.swift; sourceTree = "<group>"; };
/* End PBXFileReference section */

/* Begin PBXFrameworksBuildPhase section */
		B7EF2823287D5E47002781F7 /* Frameworks */ = {
			isa = PBXFrameworksBuildPhase;
			buildActionMask = 2147483647;
			files = (
			);
			runOnlyForDeploymentPostprocessing = 0;
		};
/* End PBXFrameworksBuildPhase section */

/* Begin PBXGroup section */
		7B22404D2887D4740085731B /* Filter */ = {
			isa = PBXGroup;
			children = (
				7B2240452887D0090085731B /* FilterViewController.swift */,
				7B22404B2887D0760085731B /* CustomDelegates.swift */,
				7B2240492887D0390085731B /* FilterCategoryButton.swift */,
			);
			path = Filter;
			sourceTree = "<group>";
		};
		7B22407D288923280085731B /* LikeList */ = {
			isa = PBXGroup;
			children = (
				3FA6775B288692C3000ED816 /* LikeListViewController.swift */,
				3FA6775D28869341000ED816 /* LikeCollectionViewCell.swift */,
			);
			path = LikeList;
			sourceTree = "<group>";
		};
		7BF76DCD2883D50500A3A370 /* Models */ = {
			isa = PBXGroup;
			children = (
				7BF76DCF2883D50500A3A370 /* Animal.swift */,
				7BF76DCE2883D50500A3A370 /* NetworkManager.swift */,
				AB5CD3D3289121FF00D6B1AB /* AnimalModel.xcdatamodeld */,
			);
			path = Models;
			sourceTree = "<group>";
		};
		7BF76DD22883D51400A3A370 /* Helpers */ = {
			isa = PBXGroup;
			children = (
				7BF76DD32883D51400A3A370 /* Constants.swift */,
				B7F7EFE1288435DA00D19B44 /* Extensions */,
			);
			path = Helpers;
			sourceTree = "<group>";
		};
		AB17C7C0288562510045795E /* AnimalListViewController */ = {
			isa = PBXGroup;
			children = (
				AB17C7C1288562690045795E /* AnimalListViewController.swift */,
				ABD855B5288696570045CEE6 /* AnimalInfoCell.swift */,
				AB08AF3F2887D6D7008A844D /* AnimalListTableViewHeader.swift */,
			);
			path = AnimalListViewController;
			sourceTree = "<group>";
		};
		B7EF281D287D5E47002781F7 = {
			isa = PBXGroup;
			children = (
				B7EF2828287D5E47002781F7 /* Reborn */,
				B7EF2827287D5E47002781F7 /* Products */,
			);
			sourceTree = "<group>";
		};
		B7EF2827287D5E47002781F7 /* Products */ = {
			isa = PBXGroup;
			children = (
				B7EF2826287D5E47002781F7 /* Reborn.app */,
			);
			name = Products;
			sourceTree = "<group>";
		};
		B7EF2828287D5E47002781F7 /* Reborn */ = {
			isa = PBXGroup;
			children = (
				AB17C7C0288562510045795E /* AnimalListViewController */,
				B7EF2829287D5E47002781F7 /* AppDelegate.swift */,
				B7EF282B287D5E47002781F7 /* SceneDelegate.swift */,
				B7F7EFE9288548BE00D19B44 /* Components */,
				7BF76DCD2883D50500A3A370 /* Models */,
				7BF76DD22883D51400A3A370 /* Helpers */,
				B7F7EFED2885534F00D19B44 /* AnimalDetail */,
				7B22404D2887D4740085731B /* Filter */,
				7B22407D288923280085731B /* LikeList */,
				B7EF282D287D5E47002781F7 /* ViewController.swift */,
				B7EF2832287D5E49002781F7 /* Assets.xcassets */,
				B7EF2834287D5E49002781F7 /* LaunchScreen.storyboard */,
				B7EF2837287D5E49002781F7 /* Info.plist */,
			);
			path = Reborn;
			sourceTree = "<group>";
		};
		B7F7EFE1288435DA00D19B44 /* Extensions */ = {
			isa = PBXGroup;
			children = (
				B7F7EFE2288435F900D19B44 /* UIColor.swift */,
				AB17C7C728857F880045795E /* UIImageView.swift */,
			);
			path = Extensions;
			sourceTree = "<group>";
		};
		B7F7EFE9288548BE00D19B44 /* Components */ = {
			isa = PBXGroup;
			children = (
				B7F7EFEA2885490200D19B44 /* Base */,
				ABFBDDCD288A8E1200100D87 /* LeftDaysView.swift */,
			);
			path = Components;
			sourceTree = "<group>";
		};
		B7F7EFEA2885490200D19B44 /* Base */ = {
			isa = PBXGroup;
			children = (
				B7F7EFEB2885491D00D19B44 /* BaseLabel.swift */,
			);
			path = Base;
			sourceTree = "<group>";
		};
		B7F7EFED2885534F00D19B44 /* AnimalDetail */ = {
			isa = PBXGroup;
			children = (
				B7F7F01F28881EEF00D19B44 /* DetailImage */,
				B7F7F01E28881EDF00D19B44 /* Components */,
				B7F7EFEE2885537F00D19B44 /* AnimalDetailView.swift */,
				B7F7EFF02885538E00D19B44 /* AnimalDetailViewController.swift */,
			);
			path = AnimalDetail;
			sourceTree = "<group>";
		};
		B7F7F00F28864C0F00D19B44 /* AnimalDetailTabbar */ = {
			isa = PBXGroup;
			children = (
				B7F7F01028864C3900D19B44 /* AnimalDetailTabbar.swift */,
				B7F7F01228864C7500D19B44 /* AnimalDetailTabbarDelegate.swift */,
			);
			path = AnimalDetailTabbar;
			sourceTree = "<group>";
		};
		B7F7F0142887E33800D19B44 /* AnimalInfo */ = {
			isa = PBXGroup;
			children = (
				B7F7F0172887E3FE00D19B44 /* Components */,
				B7F7F0152887E3D100D19B44 /* AnimalInfoView.swift */,
			);
			path = AnimalInfo;
			sourceTree = "<group>";
		};
		B7F7F0172887E3FE00D19B44 /* Components */ = {
			isa = PBXGroup;
			children = (
				B7F7F0182887E40C00D19B44 /* NoticeInfoView.swift */,
				B7F7F01A2887E42200D19B44 /* DescriptionInfoView.swift */,
				B7F7F01C2887E42B00D19B44 /* ShelterInfoView.swift */,
			);
			path = Components;
			sourceTree = "<group>";
		};
		B7F7F01E28881EDF00D19B44 /* Components */ = {
			isa = PBXGroup;
			children = (
				B7F7F00F28864C0F00D19B44 /* AnimalDetailTabbar */,
				B7F7F0142887E33800D19B44 /* AnimalInfo */,
			);
			path = Components;
			sourceTree = "<group>";
		};
		B7F7F01F28881EEF00D19B44 /* DetailImage */ = {
			isa = PBXGroup;
			children = (
				B7F7F02028881F0500D19B44 /* DetailImageView.swift */,
				B7F7F02228881F0F00D19B44 /* DetailImageViewController.swift */,
			);
			path = DetailImage;
			sourceTree = "<group>";
		};
/* End PBXGroup section */

/* Begin PBXNativeTarget section */
		B7EF2825287D5E47002781F7 /* Reborn */ = {
			isa = PBXNativeTarget;
			buildConfigurationList = B7EF283A287D5E49002781F7 /* Build configuration list for PBXNativeTarget "Reborn" */;
			buildPhases = (
				B7EF2822287D5E47002781F7 /* Sources */,
				B7EF2823287D5E47002781F7 /* Frameworks */,
				B7EF2824287D5E47002781F7 /* Resources */,
			);
			buildRules = (
			);
			dependencies = (
			);
			name = Reborn;
			productName = Reborn;
			productReference = B7EF2826287D5E47002781F7 /* Reborn.app */;
			productType = "com.apple.product-type.application";
		};
/* End PBXNativeTarget section */

/* Begin PBXProject section */
		B7EF281E287D5E47002781F7 /* Project object */ = {
			isa = PBXProject;
			attributes = {
				BuildIndependentTargetsInParallel = 1;
				LastSwiftUpdateCheck = 1340;
				LastUpgradeCheck = 1340;
				TargetAttributes = {
					B7EF2825287D5E47002781F7 = {
						CreatedOnToolsVersion = 13.4.1;
					};
				};
			};
			buildConfigurationList = B7EF2821287D5E47002781F7 /* Build configuration list for PBXProject "Reborn" */;
			compatibilityVersion = "Xcode 13.0";
			developmentRegion = en;
			hasScannedForEncodings = 0;
			knownRegions = (
				en,
				Base,
			);
			mainGroup = B7EF281D287D5E47002781F7;
			productRefGroup = B7EF2827287D5E47002781F7 /* Products */;
			projectDirPath = "";
			projectRoot = "";
			targets = (
				B7EF2825287D5E47002781F7 /* Reborn */,
			);
		};
/* End PBXProject section */

/* Begin PBXResourcesBuildPhase section */
		B7EF2824287D5E47002781F7 /* Resources */ = {
			isa = PBXResourcesBuildPhase;
			buildActionMask = 2147483647;
			files = (
				B7EF2836287D5E49002781F7 /* LaunchScreen.storyboard in Resources */,
				B7EF2833287D5E49002781F7 /* Assets.xcassets in Resources */,
			);
			runOnlyForDeploymentPostprocessing = 0;
		};
/* End PBXResourcesBuildPhase section */

/* Begin PBXSourcesBuildPhase section */
		B7EF2822287D5E47002781F7 /* Sources */ = {
			isa = PBXSourcesBuildPhase;
			buildActionMask = 2147483647;
			files = (
				B7F7F01128864C3900D19B44 /* AnimalDetailTabbar.swift in Sources */,
				B7F7EFF12885538E00D19B44 /* AnimalDetailViewController.swift in Sources */,
				7BF76DD02883D50500A3A370 /* NetworkManager.swift in Sources */,
				B7F7F0162887E3D100D19B44 /* AnimalInfoView.swift in Sources */,
				AB5CD3D5289121FF00D6B1AB /* AnimalModel.xcdatamodeld in Sources */,
				AB17C7C2288562690045795E /* AnimalListViewController.swift in Sources */,
				B7F7EFE3288435F900D19B44 /* UIColor.swift in Sources */,
				B7F7F01D2887E42B00D19B44 /* ShelterInfoView.swift in Sources */,
				7B22404C2887D0760085731B /* CustomDelegates.swift in Sources */,
				B7F7F01B2887E42200D19B44 /* DescriptionInfoView.swift in Sources */,
				ABFBDDCE288A8E1200100D87 /* LeftDaysView.swift in Sources */,
				B7EF282E287D5E47002781F7 /* ViewController.swift in Sources */,
				AB08AF402887D6D7008A844D /* AnimalListTableViewHeader.swift in Sources */,
				7B2240462887D0090085731B /* FilterViewController.swift in Sources */,
				B7F7F0192887E40C00D19B44 /* NoticeInfoView.swift in Sources */,
				B7EF282A287D5E47002781F7 /* AppDelegate.swift in Sources */,
				B7F7F02328881F0F00D19B44 /* DetailImageViewController.swift in Sources */,
				ABD855B6288696570045CEE6 /* AnimalInfoCell.swift in Sources */,
				B7EF282C287D5E47002781F7 /* SceneDelegate.swift in Sources */,
				AB17C7C828857F880045795E /* UIImageView.swift in Sources */,
				B7F7EFEC2885491D00D19B44 /* BaseLabel.swift in Sources */,
				3FA6775C288692C3000ED816 /* LikeListViewController.swift in Sources */,
				3FA6775E28869341000ED816 /* LikeCollectionViewCell.swift in Sources */,
				7BF76DD12883D50500A3A370 /* Animal.swift in Sources */,
				7BF76DD42883D51400A3A370 /* Constants.swift in Sources */,
				7B22404A2887D0390085731B /* FilterCategoryButton.swift in Sources */,
				B7F7F02128881F0500D19B44 /* DetailImageView.swift in Sources */,
				B7F7F01328864C7500D19B44 /* AnimalDetailTabbarDelegate.swift in Sources */,
				B7F7EFEF2885537F00D19B44 /* AnimalDetailView.swift in Sources */,
			);
			runOnlyForDeploymentPostprocessing = 0;
		};
/* End PBXSourcesBuildPhase section */

/* Begin PBXVariantGroup section */
		B7EF2834287D5E49002781F7 /* LaunchScreen.storyboard */ = {
			isa = PBXVariantGroup;
			children = (
				B7EF2835287D5E49002781F7 /* Base */,
			);
			name = LaunchScreen.storyboard;
			sourceTree = "<group>";
		};
/* End PBXVariantGroup section */

/* Begin XCBuildConfiguration section */
		B7EF2838287D5E49002781F7 /* Debug */ = {
			isa = XCBuildConfiguration;
			buildSettings = {
				ALWAYS_SEARCH_USER_PATHS = NO;
				CLANG_ANALYZER_NONNULL = YES;
				CLANG_ANALYZER_NUMBER_OBJECT_CONVERSION = YES_AGGRESSIVE;
				CLANG_CXX_LANGUAGE_STANDARD = "gnu++17";
				CLANG_ENABLE_MODULES = YES;
				CLANG_ENABLE_OBJC_ARC = YES;
				CLANG_ENABLE_OBJC_WEAK = YES;
				CLANG_WARN_BLOCK_CAPTURE_AUTORELEASING = YES;
				CLANG_WARN_BOOL_CONVERSION = YES;
				CLANG_WARN_COMMA = YES;
				CLANG_WARN_CONSTANT_CONVERSION = YES;
				CLANG_WARN_DEPRECATED_OBJC_IMPLEMENTATIONS = YES;
				CLANG_WARN_DIRECT_OBJC_ISA_USAGE = YES_ERROR;
				CLANG_WARN_DOCUMENTATION_COMMENTS = YES;
				CLANG_WARN_EMPTY_BODY = YES;
				CLANG_WARN_ENUM_CONVERSION = YES;
				CLANG_WARN_INFINITE_RECURSION = YES;
				CLANG_WARN_INT_CONVERSION = YES;
				CLANG_WARN_NON_LITERAL_NULL_CONVERSION = YES;
				CLANG_WARN_OBJC_IMPLICIT_RETAIN_SELF = YES;
				CLANG_WARN_OBJC_LITERAL_CONVERSION = YES;
				CLANG_WARN_OBJC_ROOT_CLASS = YES_ERROR;
				CLANG_WARN_QUOTED_INCLUDE_IN_FRAMEWORK_HEADER = YES;
				CLANG_WARN_RANGE_LOOP_ANALYSIS = YES;
				CLANG_WARN_STRICT_PROTOTYPES = YES;
				CLANG_WARN_SUSPICIOUS_MOVE = YES;
				CLANG_WARN_UNGUARDED_AVAILABILITY = YES_AGGRESSIVE;
				CLANG_WARN_UNREACHABLE_CODE = YES;
				CLANG_WARN__DUPLICATE_METHOD_MATCH = YES;
				COPY_PHASE_STRIP = NO;
				DEBUG_INFORMATION_FORMAT = dwarf;
				ENABLE_STRICT_OBJC_MSGSEND = YES;
				ENABLE_TESTABILITY = YES;
				GCC_C_LANGUAGE_STANDARD = gnu11;
				GCC_DYNAMIC_NO_PIC = NO;
				GCC_NO_COMMON_BLOCKS = YES;
				GCC_OPTIMIZATION_LEVEL = 0;
				GCC_PREPROCESSOR_DEFINITIONS = (
					"DEBUG=1",
					"$(inherited)",
				);
				GCC_WARN_64_TO_32_BIT_CONVERSION = YES;
				GCC_WARN_ABOUT_RETURN_TYPE = YES_ERROR;
				GCC_WARN_UNDECLARED_SELECTOR = YES;
				GCC_WARN_UNINITIALIZED_AUTOS = YES_AGGRESSIVE;
				GCC_WARN_UNUSED_FUNCTION = YES;
				GCC_WARN_UNUSED_VARIABLE = YES;
				IPHONEOS_DEPLOYMENT_TARGET = 15.5;
				MTL_ENABLE_DEBUG_INFO = INCLUDE_SOURCE;
				MTL_FAST_MATH = YES;
				ONLY_ACTIVE_ARCH = YES;
				SDKROOT = iphoneos;
				SWIFT_ACTIVE_COMPILATION_CONDITIONS = DEBUG;
				SWIFT_OPTIMIZATION_LEVEL = "-Onone";
			};
			name = Debug;
		};
		B7EF2839287D5E49002781F7 /* Release */ = {
			isa = XCBuildConfiguration;
			buildSettings = {
				ALWAYS_SEARCH_USER_PATHS = NO;
				CLANG_ANALYZER_NONNULL = YES;
				CLANG_ANALYZER_NUMBER_OBJECT_CONVERSION = YES_AGGRESSIVE;
				CLANG_CXX_LANGUAGE_STANDARD = "gnu++17";
				CLANG_ENABLE_MODULES = YES;
				CLANG_ENABLE_OBJC_ARC = YES;
				CLANG_ENABLE_OBJC_WEAK = YES;
				CLANG_WARN_BLOCK_CAPTURE_AUTORELEASING = YES;
				CLANG_WARN_BOOL_CONVERSION = YES;
				CLANG_WARN_COMMA = YES;
				CLANG_WARN_CONSTANT_CONVERSION = YES;
				CLANG_WARN_DEPRECATED_OBJC_IMPLEMENTATIONS = YES;
				CLANG_WARN_DIRECT_OBJC_ISA_USAGE = YES_ERROR;
				CLANG_WARN_DOCUMENTATION_COMMENTS = YES;
				CLANG_WARN_EMPTY_BODY = YES;
				CLANG_WARN_ENUM_CONVERSION = YES;
				CLANG_WARN_INFINITE_RECURSION = YES;
				CLANG_WARN_INT_CONVERSION = YES;
				CLANG_WARN_NON_LITERAL_NULL_CONVERSION = YES;
				CLANG_WARN_OBJC_IMPLICIT_RETAIN_SELF = YES;
				CLANG_WARN_OBJC_LITERAL_CONVERSION = YES;
				CLANG_WARN_OBJC_ROOT_CLASS = YES_ERROR;
				CLANG_WARN_QUOTED_INCLUDE_IN_FRAMEWORK_HEADER = YES;
				CLANG_WARN_RANGE_LOOP_ANALYSIS = YES;
				CLANG_WARN_STRICT_PROTOTYPES = YES;
				CLANG_WARN_SUSPICIOUS_MOVE = YES;
				CLANG_WARN_UNGUARDED_AVAILABILITY = YES_AGGRESSIVE;
				CLANG_WARN_UNREACHABLE_CODE = YES;
				CLANG_WARN__DUPLICATE_METHOD_MATCH = YES;
				COPY_PHASE_STRIP = NO;
				DEBUG_INFORMATION_FORMAT = "dwarf-with-dsym";
				ENABLE_NS_ASSERTIONS = NO;
				ENABLE_STRICT_OBJC_MSGSEND = YES;
				GCC_C_LANGUAGE_STANDARD = gnu11;
				GCC_NO_COMMON_BLOCKS = YES;
				GCC_WARN_64_TO_32_BIT_CONVERSION = YES;
				GCC_WARN_ABOUT_RETURN_TYPE = YES_ERROR;
				GCC_WARN_UNDECLARED_SELECTOR = YES;
				GCC_WARN_UNINITIALIZED_AUTOS = YES_AGGRESSIVE;
				GCC_WARN_UNUSED_FUNCTION = YES;
				GCC_WARN_UNUSED_VARIABLE = YES;
				IPHONEOS_DEPLOYMENT_TARGET = 15.5;
				MTL_ENABLE_DEBUG_INFO = NO;
				MTL_FAST_MATH = YES;
				SDKROOT = iphoneos;
				SWIFT_COMPILATION_MODE = wholemodule;
				SWIFT_OPTIMIZATION_LEVEL = "-O";
				VALIDATE_PRODUCT = YES;
			};
			name = Release;
		};
		B7EF283B287D5E49002781F7 /* Debug */ = {
			isa = XCBuildConfiguration;
			buildSettings = {
				ASSETCATALOG_COMPILER_APPICON_NAME = AppIcon;
				ASSETCATALOG_COMPILER_GLOBAL_ACCENT_COLOR_NAME = AccentColor;
				CODE_SIGN_STYLE = Automatic;
				CURRENT_PROJECT_VERSION = 1;
				DEVELOPMENT_TEAM = PAT7P9FCH3;
				GENERATE_INFOPLIST_FILE = YES;
				INFOPLIST_FILE = Reborn/Info.plist;
				INFOPLIST_KEY_UIApplicationSupportsIndirectInputEvents = YES;
				INFOPLIST_KEY_UILaunchStoryboardName = LaunchScreen;
				INFOPLIST_KEY_UISupportedInterfaceOrientations = UIInterfaceOrientationPortrait;
				INFOPLIST_KEY_UISupportedInterfaceOrientations_iPhone = UIInterfaceOrientationPortrait;
				IPHONEOS_DEPLOYMENT_TARGET = 13.0;
				LD_RUNPATH_SEARCH_PATHS = (
					"$(inherited)",
					"@executable_path/Frameworks",
				);
				MARKETING_VERSION = 1.0;
				PRODUCT_BUNDLE_IDENTIFIER = com.STUDI.Reborn;
				PRODUCT_NAME = "$(TARGET_NAME)";
				SWIFT_EMIT_LOC_STRINGS = YES;
				SWIFT_VERSION = 5.0;
				TARGETED_DEVICE_FAMILY = 1;
			};
			name = Debug;
		};
		B7EF283C287D5E49002781F7 /* Release */ = {
			isa = XCBuildConfiguration;
			buildSettings = {
				ASSETCATALOG_COMPILER_APPICON_NAME = AppIcon;
				ASSETCATALOG_COMPILER_GLOBAL_ACCENT_COLOR_NAME = AccentColor;
				CODE_SIGN_STYLE = Automatic;
				CURRENT_PROJECT_VERSION = 1;
				DEVELOPMENT_TEAM = PAT7P9FCH3;
				GENERATE_INFOPLIST_FILE = YES;
				INFOPLIST_FILE = Reborn/Info.plist;
				INFOPLIST_KEY_UIApplicationSupportsIndirectInputEvents = YES;
				INFOPLIST_KEY_UILaunchStoryboardName = LaunchScreen;
				INFOPLIST_KEY_UISupportedInterfaceOrientations = UIInterfaceOrientationPortrait;
				INFOPLIST_KEY_UISupportedInterfaceOrientations_iPhone = UIInterfaceOrientationPortrait;
				IPHONEOS_DEPLOYMENT_TARGET = 13.0;
				LD_RUNPATH_SEARCH_PATHS = (
					"$(inherited)",
					"@executable_path/Frameworks",
				);
				MARKETING_VERSION = 1.0;
				PRODUCT_BUNDLE_IDENTIFIER = com.STUDI.Reborn;
				PRODUCT_NAME = "$(TARGET_NAME)";
				SWIFT_EMIT_LOC_STRINGS = YES;
				SWIFT_VERSION = 5.0;
				TARGETED_DEVICE_FAMILY = 1;
			};
			name = Release;
		};
/* End XCBuildConfiguration section */

/* Begin XCConfigurationList section */
		B7EF2821287D5E47002781F7 /* Build configuration list for PBXProject "Reborn" */ = {
			isa = XCConfigurationList;
			buildConfigurations = (
				B7EF2838287D5E49002781F7 /* Debug */,
				B7EF2839287D5E49002781F7 /* Release */,
			);
			defaultConfigurationIsVisible = 0;
			defaultConfigurationName = Release;
		};
		B7EF283A287D5E49002781F7 /* Build configuration list for PBXNativeTarget "Reborn" */ = {
			isa = XCConfigurationList;
			buildConfigurations = (
				B7EF283B287D5E49002781F7 /* Debug */,
				B7EF283C287D5E49002781F7 /* Release */,
			);
			defaultConfigurationIsVisible = 0;
			defaultConfigurationName = Release;
		};
/* End XCConfigurationList section */

/* Begin XCVersionGroup section */
		AB5CD3D3289121FF00D6B1AB /* AnimalModel.xcdatamodeld */ = {
			isa = XCVersionGroup;
			children = (
				AB5CD3D4289121FF00D6B1AB /* AnimalModel.xcdatamodel */,
			);
			currentVersion = AB5CD3D4289121FF00D6B1AB /* AnimalModel.xcdatamodel */;
			path = AnimalModel.xcdatamodeld;
			sourceTree = "<group>";
			versionGroupType = wrapper.xcdatamodel;
		};
/* End XCVersionGroup section */
	};
	rootObject = B7EF281E287D5E47002781F7 /* Project object */;
}
